
Microsoft Visual Studio Solution File, Format Version 12.00
Project("{FAE04EC0-301F-11D3-BF4B-00C04F79EFBC}") = "Nageli", "Nageli\Nageli.csproj", "{BB16C605-ADBD-4884-A6E6-D6E55F0EC179}"
EndProject
Project("{FAE04EC0-301F-11D3-BF4B-00C04F79EFBC}") = "Console", "Console\Console.csproj", "{7F7C13ED-B346-4979-BCB0-EBF0B943F5A9}"
EndProject
Project("{FAE04EC0-301F-11D3-BF4B-00C04F79EFBC}") = "Naegeli.Funcky", "Naegeli.Funcky\Naegeli.Funcky.csproj", "{FAD143E2-EC14-4EE7-A3CC-1CEE387C3EA1}"
EndProject
Project("{FAE04EC0-301F-11D3-BF4B-00C04F79EFBC}") = "Naegeli.Test", "Naegeli.Test\Naegeli.Test.csproj", "{D9328E2B-3586-402E-BCE6-F1C5513904D8}"
EndProject
Global
	GlobalSection(SolutionConfigurationPlatforms) = preSolution
		Debug|Any CPU = Debug|Any CPU
		Release|Any CPU = Release|Any CPU
	EndGlobalSection
	GlobalSection(ProjectConfigurationPlatforms) = postSolution
		{BB16C605-ADBD-4884-A6E6-D6E55F0EC179}.Debug|Any CPU.ActiveCfg = Debug|Any CPU
		{BB16C605-ADBD-4884-A6E6-D6E55F0EC179}.Debug|Any CPU.Build.0 = Debug|Any CPU
		{BB16C605-ADBD-4884-A6E6-D6E55F0EC179}.Release|Any CPU.ActiveCfg = Release|Any CPU
		{BB16C605-ADBD-4884-A6E6-D6E55F0EC179}.Release|Any CPU.Build.0 = Release|Any CPU
		{7F7C13ED-B346-4979-BCB0-EBF0B943F5A9}.Debug|Any CPU.ActiveCfg = Debug|Any CPU
		{7F7C13ED-B346-4979-BCB0-EBF0B943F5A9}.Debug|Any CPU.Build.0 = Debug|Any CPU
		{7F7C13ED-B346-4979-BCB0-EBF0B943F5A9}.Release|Any CPU.ActiveCfg = Release|Any CPU
		{7F7C13ED-B346-4979-BCB0-EBF0B943F5A9}.Release|Any CPU.Build.0 = Release|Any CPU
		{FAD143E2-EC14-4EE7-A3CC-1CEE387C3EA1}.Debug|Any CPU.ActiveCfg = Debug|Any CPU
		{FAD143E2-EC14-4EE7-A3CC-1CEE387C3EA1}.Debug|Any CPU.Build.0 = Debug|Any CPU
		{FAD143E2-EC14-4EE7-A3CC-1CEE387C3EA1}.Release|Any CPU.ActiveCfg = Release|Any CPU
		{FAD143E2-EC14-4EE7-A3CC-1CEE387C3EA1}.Release|Any CPU.Build.0 = Release|Any CPU
		{D9328E2B-3586-402E-BCE6-F1C5513904D8}.Debug|Any CPU.ActiveCfg = Debug|Any CPU
		{D9328E2B-3586-402E-BCE6-F1C5513904D8}.Debug|Any CPU.Build.0 = Debug|Any CPU
		{D9328E2B-3586-402E-BCE6-F1C5513904D8}.Release|Any CPU.ActiveCfg = Release|Any CPU
		{D9328E2B-3586-402E-BCE6-F1C5513904D8}.Release|Any CPU.Build.0 = Release|Any CPU
	EndGlobalSection
EndGlobal
